
Microsoft Visual Studio Solution File, Format Version 12.00
# Visual Studio Version 17
VisualStudioVersion = 17.4.33213.308
MinimumVisualStudioVersion = 10.0.40219.1
Project("{FAE04EC0-301F-11D3-BF4B-00C04F79EFBC}") = "OnlyCats", "OnlyCats\OnlyCats.csproj", "{7F44A628-DE5B-4CDA-9390-66D7AD98BD2E}"
EndProject
Project("{FAE04EC0-301F-11D3-BF4B-00C04F79EFBC}") = "OnlyCats-tests", "OnlyCats-tests\OnlyCats-tests.csproj", "{BF968313-CE66-4C84-901E-1DAE631DDCD8}"
EndProject
Global
	GlobalSection(SolutionConfigurationPlatforms) = preSolution
		Debug|Any CPU = Debug|Any CPU
		Release|Any CPU = Release|Any CPU
	EndGlobalSection
	GlobalSection(ProjectConfigurationPlatforms) = postSolution
		{7F44A628-DE5B-4CDA-9390-66D7AD98BD2E}.Debug|Any CPU.ActiveCfg = Debug|Any CPU
		{7F44A628-DE5B-4CDA-9390-66D7AD98BD2E}.Debug|Any CPU.Build.0 = Debug|Any CPU
		{7F44A628-DE5B-4CDA-9390-66D7AD98BD2E}.Release|Any CPU.ActiveCfg = Release|Any CPU
		{7F44A628-DE5B-4CDA-9390-66D7AD98BD2E}.Release|Any CPU.Build.0 = Release|Any CPU
		{BF968313-CE66-4C84-901E-1DAE631DDCD8}.Debug|Any CPU.ActiveCfg = Debug|Any CPU
		{BF968313-CE66-4C84-901E-1DAE631DDCD8}.Debug|Any CPU.Build.0 = Debug|Any CPU
		{BF968313-CE66-4C84-901E-1DAE631DDCD8}.Release|Any CPU.ActiveCfg = Release|Any CPU
		{BF968313-CE66-4C84-901E-1DAE631DDCD8}.Release|Any CPU.Build.0 = Release|Any CPU
	EndGlobalSection
	GlobalSection(SolutionProperties) = preSolution
		HideSolutionNode = FALSE
	EndGlobalSection
	GlobalSection(ExtensibilityGlobals) = postSolution
		SolutionGuid = {3C9E284A-AB51-40CB-B93E-6886C6A33ACD}
	EndGlobalSection
EndGlobal
